
Microsoft Visual Studio Solution File, Format Version 12.00
# Visual Studio 15
VisualStudioVersion = 15.0.28307.960
MinimumVisualStudioVersion = 10.0.40219.1
Project("{8BC9CEB8-8B4A-11D0-8D11-00A0C91BC942}") = "Part I", "Part I\Part I.vcxproj", "{7EE842E2-4AAE-4158-903C-7DA2F608C2DB}"
EndProject
Project("{8BC9CEB8-8B4A-11D0-8D11-00A0C91BC942}") = "Part II", "Part II\Part II.vcxproj", "{2AEA21B0-4A23-41A1-8A24-1DAD7FF17234}"
EndProject
Global
	GlobalSection(SolutionConfigurationPlatforms) = preSolution
		Debug|x64 = Debug|x64
		Debug|x86 = Debug|x86
		Release|x64 = Release|x64
		Release|x86 = Release|x86
	EndGlobalSection
	GlobalSection(ProjectConfigurationPlatforms) = postSolution
		{7EE842E2-4AAE-4158-903C-7DA2F608C2DB}.Debug|x64.ActiveCfg = Debug|x64
		{7EE842E2-4AAE-4158-903C-7DA2F608C2DB}.Debug|x64.Build.0 = Debug|x64
		{7EE842E2-4AAE-4158-903C-7DA2F608C2DB}.Debug|x86.ActiveCfg = Debug|Win32
		{7EE842E2-4AAE-4158-903C-7DA2F608C2DB}.Debug|x86.Build.0 = Debug|Win32
		{7EE842E2-4AAE-4158-903C-7DA2F608C2DB}.Release|x64.ActiveCfg = Release|x64
		{7EE842E2-4AAE-4158-903C-7DA2F608C2DB}.Release|x64.Build.0 = Release|x64
		{7EE842E2-4AAE-4158-903C-7DA2F608C2DB}.Release|x86.ActiveCfg = Release|Win32
		{7EE842E2-4AAE-4158-903C-7DA2F608C2DB}.Release|x86.Build.0 = Release|Win32
		{2AEA21B0-4A23-41A1-8A24-1DAD7FF17234}.Debug|x64.ActiveCfg = Debug|x64
		{2AEA21B0-4A23-41A1-8A24-1DAD7FF17234}.Debug|x64.Build.0 = Debug|x64
		{2AEA21B0-4A23-41A1-8A24-1DAD7FF17234}.Debug|x86.ActiveCfg = Debug|Win32
		{2AEA21B0-4A23-41A1-8A24-1DAD7FF17234}.Debug|x86.Build.0 = Debug|Win32
		{2AEA21B0-4A23-41A1-8A24-1DAD7FF17234}.Release|x64.ActiveCfg = Release|x64
		{2AEA21B0-4A23-41A1-8A24-1DAD7FF17234}.Release|x64.Build.0 = Release|x64
		{2AEA21B0-4A23-41A1-8A24-1DAD7FF17234}.Release|x86.ActiveCfg = Release|Win32
		{2AEA21B0-4A23-41A1-8A24-1DAD7FF17234}.Release|x86.Build.0 = Release|Win32
	EndGlobalSection
	GlobalSection(SolutionProperties) = preSolution
		HideSolutionNode = FALSE
	EndGlobalSection
	GlobalSection(ExtensibilityGlobals) = postSolution
		SolutionGuid = {7763220C-6936-4B2C-B230-6F8F59AB0627}
	EndGlobalSection
EndGlobal
